// !$*UTF8*$!
{
	archiveVersion = 1;
	classes = {
	};
	objectVersion = 77;
	objects = {

/* Begin PBXContainerItemProxy section */
		F9E980742D34E606004A5E61 /* PBXContainerItemProxy */ = {
			isa = PBXContainerItemProxy;
			containerPortal = F9E9805B2D34E602004A5E61 /* Project object */;
			proxyType = 1;
			remoteGlobalIDString = F9E980622D34E602004A5E61;
			remoteInfo = "aba-camera";
		};
		F9E9807E2D34E606004A5E61 /* PBXContainerItemProxy */ = {
			isa = PBXContainerItemProxy;
			containerPortal = F9E9805B2D34E602004A5E61 /* Project object */;
			proxyType = 1;
			remoteGlobalIDString = F9E980622D34E602004A5E61;
			remoteInfo = "aba-camera";
		};
/* End PBXContainerItemProxy section */

/* Begin PBXFileReference section */
		F9E980632D34E602004A5E61 /* aba-camera.app */ = {isa = PBXFileReference; explicitFileType = wrapper.application; includeInIndex = 0; path = "aba-camera.app"; sourceTree = BUILT_PRODUCTS_DIR; };
		F9E980732D34E606004A5E61 /* aba-cameraTests.xctest */ = {isa = PBXFileReference; explicitFileType = wrapper.cfbundle; includeInIndex = 0; path = "aba-cameraTests.xctest"; sourceTree = BUILT_PRODUCTS_DIR; };
		F9E9807D2D34E606004A5E61 /* aba-cameraUITests.xctest */ = {isa = PBXFileReference; explicitFileType = wrapper.cfbundle; includeInIndex = 0; path = "aba-cameraUITests.xctest"; sourceTree = BUILT_PRODUCTS_DIR; };
/* End PBXFileReference section */

/* Begin PBXFileSystemSynchronizedRootGroup section */
		F9E980652D34E602004A5E61 /* aba-camera */ = {
			isa = PBXFileSystemSynchronizedRootGroup;
			path = "aba-camera";
			sourceTree = "<group>";
		};
		F9E980762D34E606004A5E61 /* aba-cameraTests */ = {
			isa = PBXFileSystemSynchronizedRootGroup;
			path = "aba-cameraTests";
			sourceTree = "<group>";
		};
		F9E980802D34E606004A5E61 /* aba-cameraUITests */ = {
			isa = PBXFileSystemSynchronizedRootGroup;
			path = "aba-cameraUITests";
			sourceTree = "<group>";
		};
/* End PBXFileSystemSynchronizedRootGroup section */

/* Begin PBXFrameworksBuildPhase section */
		F9E980602D34E602004A5E61 /* Frameworks */ = {
			isa = PBXFrameworksBuildPhase;
			buildActionMask = 2147483647;
			files = (
			);
			runOnlyForDeploymentPostprocessing = 0;
		};
		F9E980702D34E606004A5E61 /* Frameworks */ = {
			isa = PBXFrameworksBuildPhase;
			buildActionMask = 2147483647;
			files = (
			);
			runOnlyForDeploymentPostprocessing = 0;
		};
		F9E9807A2D34E606004A5E61 /* Frameworks */ = {
			isa = PBXFrameworksBuildPhase;
			buildActionMask = 2147483647;
			files = (
			);
			runOnlyForDeploymentPostprocessing = 0;
		};
/* End PBXFrameworksBuildPhase section */

/* Begin PBXGroup section */
		F9E9805A2D34E602004A5E61 = {
			isa = PBXGroup;
			children = (
				F9E980652D34E602004A5E61 /* aba-camera */,
				F9E980762D34E606004A5E61 /* aba-cameraTests */,
				F9E980802D34E606004A5E61 /* aba-cameraUITests */,
				F9E980642D34E602004A5E61 /* Products */,
			);
			sourceTree = "<group>";
		};
		F9E980642D34E602004A5E61 /* Products */ = {
			isa = PBXGroup;
			children = (
				F9E980632D34E602004A5E61 /* aba-camera.app */,
				F9E980732D34E606004A5E61 /* aba-cameraTests.xctest */,
				F9E9807D2D34E606004A5E61 /* aba-cameraUITests.xctest */,
			);
			name = Products;
			sourceTree = "<group>";
		};
/* End PBXGroup section */

/* Begin PBXNativeTarget section */
		F9E980622D34E602004A5E61 /* aba-camera */ = {
			isa = PBXNativeTarget;
			buildConfigurationList = F9E980872D34E607004A5E61 /* Build configuration list for PBXNativeTarget "aba-camera" */;
			buildPhases = (
				F9E9805F2D34E602004A5E61 /* Sources */,
				F9E980602D34E602004A5E61 /* Frameworks */,
				F9E980612D34E602004A5E61 /* Resources */,
			);
			buildRules = (
			);
			dependencies = (
			);
			fileSystemSynchronizedGroups = (
				F9E980652D34E602004A5E61 /* aba-camera */,
			);
			name = "aba-camera";
			packageProductDependencies = (
			);
			productName = "aba-camera";
			productReference = F9E980632D34E602004A5E61 /* aba-camera.app */;
			productType = "com.apple.product-type.application";
		};
		F9E980722D34E606004A5E61 /* aba-cameraTests */ = {
			isa = PBXNativeTarget;
			buildConfigurationList = F9E9808A2D34E607004A5E61 /* Build configuration list for PBXNativeTarget "aba-cameraTests" */;
			buildPhases = (
				F9E9806F2D34E606004A5E61 /* Sources */,
				F9E980702D34E606004A5E61 /* Frameworks */,
				F9E980712D34E606004A5E61 /* Resources */,
			);
			buildRules = (
			);
			dependencies = (
				F9E980752D34E606004A5E61 /* PBXTargetDependency */,
			);
			fileSystemSynchronizedGroups = (
				F9E980762D34E606004A5E61 /* aba-cameraTests */,
			);
			name = "aba-cameraTests";
			packageProductDependencies = (
			);
			productName = "aba-cameraTests";
			productReference = F9E980732D34E606004A5E61 /* aba-cameraTests.xctest */;
			productType = "com.apple.product-type.bundle.unit-test";
		};
		F9E9807C2D34E606004A5E61 /* aba-cameraUITests */ = {
			isa = PBXNativeTarget;
			buildConfigurationList = F9E9808D2D34E607004A5E61 /* Build configuration list for PBXNativeTarget "aba-cameraUITests" */;
			buildPhases = (
				F9E980792D34E606004A5E61 /* Sources */,
				F9E9807A2D34E606004A5E61 /* Frameworks */,
				F9E9807B2D34E606004A5E61 /* Resources */,
			);
			buildRules = (
			);
			dependencies = (
				F9E9807F2D34E606004A5E61 /* PBXTargetDependency */,
			);
			fileSystemSynchronizedGroups = (
				F9E980802D34E606004A5E61 /* aba-cameraUITests */,
			);
			name = "aba-cameraUITests";
			packageProductDependencies = (
			);
			productName = "aba-cameraUITests";
			productReference = F9E9807D2D34E606004A5E61 /* aba-cameraUITests.xctest */;
			productType = "com.apple.product-type.bundle.ui-testing";
		};
/* End PBXNativeTarget section */

/* Begin PBXProject section */
		F9E9805B2D34E602004A5E61 /* Project object */ = {
			isa = PBXProject;
			attributes = {
				BuildIndependentTargetsInParallel = 1;
				LastSwiftUpdateCheck = 1620;
				LastUpgradeCheck = 1620;
				TargetAttributes = {
					F9E980622D34E602004A5E61 = {
						CreatedOnToolsVersion = 16.2;
					};
					F9E980722D34E606004A5E61 = {
						CreatedOnToolsVersion = 16.2;
						TestTargetID = F9E980622D34E602004A5E61;
					};
					F9E9807C2D34E606004A5E61 = {
						CreatedOnToolsVersion = 16.2;
						TestTargetID = F9E980622D34E602004A5E61;
					};
				};
			};
			buildConfigurationList = F9E9805E2D34E602004A5E61 /* Build configuration list for PBXProject "aba-camera" */;
			developmentRegion = en;
			hasScannedForEncodings = 0;
			knownRegions = (
				en,
				Base,
			);
			mainGroup = F9E9805A2D34E602004A5E61;
			minimizedProjectReferenceProxies = 1;
			preferredProjectObjectVersion = 77;
			productRefGroup = F9E980642D34E602004A5E61 /* Products */;
			projectDirPath = "";
			projectRoot = "";
			targets = (
				F9E980622D34E602004A5E61 /* aba-camera */,
				F9E980722D34E606004A5E61 /* aba-cameraTests */,
				F9E9807C2D34E606004A5E61 /* aba-cameraUITests */,
			);
		};
/* End PBXProject section */

/* Begin PBXResourcesBuildPhase section */
		F9E980612D34E602004A5E61 /* Resources */ = {
			isa = PBXResourcesBuildPhase;
			buildActionMask = 2147483647;
			files = (
			);
			runOnlyForDeploymentPostprocessing = 0;
		};
		F9E980712D34E606004A5E61 /* Resources */ = {
			isa = PBXResourcesBuildPhase;
			buildActionMask = 2147483647;
			files = (
			);
			runOnlyForDeploymentPostprocessing = 0;
		};
		F9E9807B2D34E606004A5E61 /* Resources */ = {
			isa = PBXResourcesBuildPhase;
			buildActionMask = 2147483647;
			files = (
			);
			runOnlyForDeploymentPostprocessing = 0;
		};
/* End PBXResourcesBuildPhase section */

/* Begin PBXSourcesBuildPhase section */
		F9E9805F2D34E602004A5E61 /* Sources */ = {
			isa = PBXSourcesBuildPhase;
			buildActionMask = 2147483647;
			files = (
			);
			runOnlyForDeploymentPostprocessing = 0;
		};
		F9E9806F2D34E606004A5E61 /* Sources */ = {
			isa = PBXSourcesBuildPhase;
			buildActionMask = 2147483647;
			files = (
			);
			runOnlyForDeploymentPostprocessing = 0;
		};
		F9E980792D34E606004A5E61 /* Sources */ = {
			isa = PBXSourcesBuildPhase;
			buildActionMask = 2147483647;
			files = (
			);
			runOnlyForDeploymentPostprocessing = 0;
		};
/* End PBXSourcesBuildPhase section */

/* Begin PBXTargetDependency section */
		F9E980752D34E606004A5E61 /* PBXTargetDependency */ = {
			isa = PBXTargetDependency;
			target = F9E980622D34E602004A5E61 /* aba-camera */;
			targetProxy = F9E980742D34E606004A5E61 /* PBXContainerItemProxy */;
		};
		F9E9807F2D34E606004A5E61 /* PBXTargetDependency */ = {
			isa = PBXTargetDependency;
			target = F9E980622D34E602004A5E61 /* aba-camera */;
			targetProxy = F9E9807E2D34E606004A5E61 /* PBXContainerItemProxy */;
		};
/* End PBXTargetDependency section */

/* Begin XCBuildConfiguration section */
		F9E980852D34E607004A5E61 /* Debug */ = {
			isa = XCBuildConfiguration;
			buildSettings = {
				ALWAYS_SEARCH_USER_PATHS = NO;
				ASSETCATALOG_COMPILER_GENERATE_SWIFT_ASSET_SYMBOL_EXTENSIONS = YES;
				CLANG_ANALYZER_NONNULL = YES;
				CLANG_ANALYZER_NUMBER_OBJECT_CONVERSION = YES_AGGRESSIVE;
				CLANG_CXX_LANGUAGE_STANDARD = "gnu++20";
				CLANG_ENABLE_MODULES = YES;
				CLANG_ENABLE_OBJC_ARC = YES;
				CLANG_ENABLE_OBJC_WEAK = YES;
				CLANG_WARN_BLOCK_CAPTURE_AUTORELEASING = YES;
				CLANG_WARN_BOOL_CONVERSION = YES;
				CLANG_WARN_COMMA = YES;
				CLANG_WARN_CONSTANT_CONVERSION = YES;
				CLANG_WARN_DEPRECATED_OBJC_IMPLEMENTATIONS = YES;
				CLANG_WARN_DIRECT_OBJC_ISA_USAGE = YES_ERROR;
				CLANG_WARN_DOCUMENTATION_COMMENTS = YES;
				CLANG_WARN_EMPTY_BODY = YES;
				CLANG_WARN_ENUM_CONVERSION = YES;
				CLANG_WARN_INFINITE_RECURSION = YES;
				CLANG_WARN_INT_CONVERSION = YES;
				CLANG_WARN_NON_LITERAL_NULL_CONVERSION = YES;
				CLANG_WARN_OBJC_IMPLICIT_RETAIN_SELF = YES;
				CLANG_WARN_OBJC_LITERAL_CONVERSION = YES;
				CLANG_WARN_OBJC_ROOT_CLASS = YES_ERROR;
				CLANG_WARN_QUOTED_INCLUDE_IN_FRAMEWORK_HEADER = YES;
				CLANG_WARN_RANGE_LOOP_ANALYSIS = YES;
				CLANG_WARN_STRICT_PROTOTYPES = YES;
				CLANG_WARN_SUSPICIOUS_MOVE = YES;
				CLANG_WARN_UNGUARDED_AVAILABILITY = YES_AGGRESSIVE;
				CLANG_WARN_UNREACHABLE_CODE = YES;
				CLANG_WARN__DUPLICATE_METHOD_MATCH = YES;
				COPY_PHASE_STRIP = NO;
				DEBUG_INFORMATION_FORMAT = dwarf;
				ENABLE_STRICT_OBJC_MSGSEND = YES;
				ENABLE_TESTABILITY = YES;
				ENABLE_USER_SCRIPT_SANDBOXING = YES;
				GCC_C_LANGUAGE_STANDARD = gnu17;
				GCC_DYNAMIC_NO_PIC = NO;
				GCC_NO_COMMON_BLOCKS = YES;
				GCC_OPTIMIZATION_LEVEL = 0;
				GCC_PREPROCESSOR_DEFINITIONS = (
					"DEBUG=1",
					"$(inherited)",
				);
				GCC_WARN_64_TO_32_BIT_CONVERSION = YES;
				GCC_WARN_ABOUT_RETURN_TYPE = YES_ERROR;
				GCC_WARN_UNDECLARED_SELECTOR = YES;
				GCC_WARN_UNINITIALIZED_AUTOS = YES_AGGRESSIVE;
				GCC_WARN_UNUSED_FUNCTION = YES;
				GCC_WARN_UNUSED_VARIABLE = YES;
				IPHONEOS_DEPLOYMENT_TARGET = 18.2;
				LOCALIZATION_PREFERS_STRING_CATALOGS = YES;
				MTL_ENABLE_DEBUG_INFO = INCLUDE_SOURCE;
				MTL_FAST_MATH = YES;
				ONLY_ACTIVE_ARCH = YES;
				SDKROOT = iphoneos;
				SWIFT_ACTIVE_COMPILATION_CONDITIONS = "DEBUG $(inherited)";
				SWIFT_OPTIMIZATION_LEVEL = "-Onone";
			};
			name = Debug;
		};
		F9E980862D34E607004A5E61 /* Release */ = {
			isa = XCBuildConfiguration;
			buildSettings = {
				ALWAYS_SEARCH_USER_PATHS = NO;
				ASSETCATALOG_COMPILER_GENERATE_SWIFT_ASSET_SYMBOL_EXTENSIONS = YES;
				CLANG_ANALYZER_NONNULL = YES;
				CLANG_ANALYZER_NUMBER_OBJECT_CONVERSION = YES_AGGRESSIVE;
				CLANG_CXX_LANGUAGE_STANDARD = "gnu++20";
				CLANG_ENABLE_MODULES = YES;
				CLANG_ENABLE_OBJC_ARC = YES;
				CLANG_ENABLE_OBJC_WEAK = YES;
				CLANG_WARN_BLOCK_CAPTURE_AUTORELEASING = YES;
				CLANG_WARN_BOOL_CONVERSION = YES;
				CLANG_WARN_COMMA = YES;
				CLANG_WARN_CONSTANT_CONVERSION = YES;
				CLANG_WARN_DEPRECATED_OBJC_IMPLEMENTATIONS = YES;
				CLANG_WARN_DIRECT_OBJC_ISA_USAGE = YES_ERROR;
				CLANG_WARN_DOCUMENTATION_COMMENTS = YES;
				CLANG_WARN_EMPTY_BODY = YES;
				CLANG_WARN_ENUM_CONVERSION = YES;
				CLANG_WARN_INFINITE_RECURSION = YES;
				CLANG_WARN_INT_CONVERSION = YES;
				CLANG_WARN_NON_LITERAL_NULL_CONVERSION = YES;
				CLANG_WARN_OBJC_IMPLICIT_RETAIN_SELF = YES;
				CLANG_WARN_OBJC_LITERAL_CONVERSION = YES;
				CLANG_WARN_OBJC_ROOT_CLASS = YES_ERROR;
				CLANG_WARN_QUOTED_INCLUDE_IN_FRAMEWORK_HEADER = YES;
				CLANG_WARN_RANGE_LOOP_ANALYSIS = YES;
				CLANG_WARN_STRICT_PROTOTYPES = YES;
				CLANG_WARN_SUSPICIOUS_MOVE = YES;
				CLANG_WARN_UNGUARDED_AVAILABILITY = YES_AGGRESSIVE;
				CLANG_WARN_UNREACHABLE_CODE = YES;
				CLANG_WARN__DUPLICATE_METHOD_MATCH = YES;
				COPY_PHASE_STRIP = NO;
				DEBUG_INFORMATION_FORMAT = "dwarf-with-dsym";
				ENABLE_NS_ASSERTIONS = NO;
				ENABLE_STRICT_OBJC_MSGSEND = YES;
				ENABLE_USER_SCRIPT_SANDBOXING = YES;
				GCC_C_LANGUAGE_STANDARD = gnu17;
				GCC_NO_COMMON_BLOCKS = YES;
				GCC_WARN_64_TO_32_BIT_CONVERSION = YES;
				GCC_WARN_ABOUT_RETURN_TYPE = YES_ERROR;
				GCC_WARN_UNDECLARED_SELECTOR = YES;
				GCC_WARN_UNINITIALIZED_AUTOS = YES_AGGRESSIVE;
				GCC_WARN_UNUSED_FUNCTION = YES;
				GCC_WARN_UNUSED_VARIABLE = YES;
				IPHONEOS_DEPLOYMENT_TARGET = 18.2;
				LOCALIZATION_PREFERS_STRING_CATALOGS = YES;
				MTL_ENABLE_DEBUG_INFO = NO;
				MTL_FAST_MATH = YES;
				SDKROOT = iphoneos;
				SWIFT_COMPILATION_MODE = wholemodule;
				VALIDATE_PRODUCT = YES;
			};
			name = Release;
		};
		F9E980882D34E607004A5E61 /* Debug */ = {
			isa = XCBuildConfiguration;
			buildSettings = {
				ASSETCATALOG_COMPILER_APPICON_NAME = AppIcon;
				ASSETCATALOG_COMPILER_GLOBAL_ACCENT_COLOR_NAME = AccentColor;
				CODE_SIGN_STYLE = Automatic;
				CURRENT_PROJECT_VERSION = 1;
				DEVELOPMENT_ASSET_PATHS = "\"aba-camera/Preview Content\"";
				ENABLE_PREVIEWS = YES;
				GENERATE_INFOPLIST_FILE = YES;
				INFOPLIST_KEY_UIApplicationSceneManifest_Generation = YES;
				INFOPLIST_KEY_UIApplicationSupportsIndirectInputEvents = YES;
				INFOPLIST_KEY_UILaunchScreen_Generation = YES;
				INFOPLIST_KEY_UISupportedInterfaceOrientations_iPad = "UIInterfaceOrientationPortrait UIInterfaceOrientationPortraitUpsideDown UIInterfaceOrientationLandscapeLeft UIInterfaceOrientationLandscapeRight";
				INFOPLIST_KEY_UISupportedInterfaceOrientations_iPhone = "UIInterfaceOrientationPortrait UIInterfaceOrientationLandscapeLeft UIInterfaceOrientationLandscapeRight";
				LD_RUNPATH_SEARCH_PATHS = (
					"$(inherited)",
					"@executable_path/Frameworks",
				);
				MARKETING_VERSION = 1.0;
				PRODUCT_BUNDLE_IDENTIFIER = "com.nagamorimasahito.aba-camera";
				PRODUCT_NAME = "$(TARGET_NAME)";
				SWIFT_EMIT_LOC_STRINGS = YES;
				SWIFT_VERSION = 5.0;
				TARGETED_DEVICE_FAMILY = "1,2";
			};
			name = Debug;
		};
		F9E980892D34E607004A5E61 /* Release */ = {
			isa = XCBuildConfiguration;
			buildSettings = {
				ASSETCATALOG_COMPILER_APPICON_NAME = AppIcon;
				ASSETCATALOG_COMPILER_GLOBAL_ACCENT_COLOR_NAME = AccentColor;
				CODE_SIGN_STYLE = Automatic;
				CURRENT_PROJECT_VERSION = 1;
				DEVELOPMENT_ASSET_PATHS = "\"aba-camera/Preview Content\"";
				ENABLE_PREVIEWS = YES;
				GENERATE_INFOPLIST_FILE = YES;
				INFOPLIST_KEY_UIApplicationSceneManifest_Generation = YES;
				INFOPLIST_KEY_UIApplicationSupportsIndirectInputEvents = YES;
				INFOPLIST_KEY_UILaunchScreen_Generation = YES;
				INFOPLIST_KEY_UISupportedInterfaceOrientations_iPad = "UIInterfaceOrientationPortrait UIInterfaceOrientationPortraitUpsideDown UIInterfaceOrientationLandscapeLeft UIInterfaceOrientationLandscapeRight";
				INFOPLIST_KEY_UISupportedInterfaceOrientations_iPhone = "UIInterfaceOrientationPortrait UIInterfaceOrientationLandscapeLeft UIInterfaceOrientationLandscapeRight";
				LD_RUNPATH_SEARCH_PATHS = (
					"$(inherited)",
					"@executable_path/Frameworks",
				);
				MARKETING_VERSION = 1.0;
				PRODUCT_BUNDLE_IDENTIFIER = "com.nagamorimasahito.aba-camera";
				PRODUCT_NAME = "$(TARGET_NAME)";
				SWIFT_EMIT_LOC_STRINGS = YES;
				SWIFT_VERSION = 5.0;
				TARGETED_DEVICE_FAMILY = "1,2";
			};
			name = Release;
		};
		F9E9808B2D34E607004A5E61 /* Debug */ = {
			isa = XCBuildConfiguration;
			buildSettings = {
				BUNDLE_LOADER = "$(TEST_HOST)";
				CODE_SIGN_STYLE = Automatic;
				CURRENT_PROJECT_VERSION = 1;
				GENERATE_INFOPLIST_FILE = YES;
				IPHONEOS_DEPLOYMENT_TARGET = 18.2;
				MARKETING_VERSION = 1.0;
				PRODUCT_BUNDLE_IDENTIFIER = "com.nagamorimasahito.aba-cameraTests";
				PRODUCT_NAME = "$(TARGET_NAME)";
				SWIFT_EMIT_LOC_STRINGS = NO;
				SWIFT_VERSION = 5.0;
				TARGETED_DEVICE_FAMILY = "1,2";
				TEST_HOST = "$(BUILT_PRODUCTS_DIR)/aba-camera.app/$(BUNDLE_EXECUTABLE_FOLDER_PATH)/aba-camera";
			};
			name = Debug;
		};
		F9E9808C2D34E607004A5E61 /* Release */ = {
			isa = XCBuildConfiguration;
			buildSettings = {
				BUNDLE_LOADER = "$(TEST_HOST)";
				CODE_SIGN_STYLE = Automatic;
				CURRENT_PROJECT_VERSION = 1;
				GENERATE_INFOPLIST_FILE = YES;
				IPHONEOS_DEPLOYMENT_TARGET = 18.2;
				MARKETING_VERSION = 1.0;
				PRODUCT_BUNDLE_IDENTIFIER = "com.nagamorimasahito.aba-cameraTests";
				PRODUCT_NAME = "$(TARGET_NAME)";
				SWIFT_EMIT_LOC_STRINGS = NO;
				SWIFT_VERSION = 5.0;
				TARGETED_DEVICE_FAMILY = "1,2";
				TEST_HOST = "$(BUILT_PRODUCTS_DIR)/aba-camera.app/$(BUNDLE_EXECUTABLE_FOLDER_PATH)/aba-camera";
			};
			name = Release;
		};
		F9E9808E2D34E607004A5E61 /* Debug */ = {
			isa = XCBuildConfiguration;
			buildSettings = {
				CODE_SIGN_STYLE = Automatic;
				CURRENT_PROJECT_VERSION = 1;
				GENERATE_INFOPLIST_FILE = YES;
				MARKETING_VERSION = 1.0;
				PRODUCT_BUNDLE_IDENTIFIER = "com.nagamorimasahito.aba-cameraUITests";
				PRODUCT_NAME = "$(TARGET_NAME)";
				SWIFT_EMIT_LOC_STRINGS = NO;
				SWIFT_VERSION = 5.0;
				TARGETED_DEVICE_FAMILY = "1,2";
				TEST_TARGET_NAME = "aba-camera";
			};
			name = Debug;
		};
		F9E9808F2D34E607004A5E61 /* Release */ = {
			isa = XCBuildConfiguration;
			buildSettings = {
				CODE_SIGN_STYLE = Automatic;
				CURRENT_PROJECT_VERSION = 1;
				GENERATE_INFOPLIST_FILE = YES;
				MARKETING_VERSION = 1.0;
				PRODUCT_BUNDLE_IDENTIFIER = "com.nagamorimasahito.aba-cameraUITests";
				PRODUCT_NAME = "$(TARGET_NAME)";
				SWIFT_EMIT_LOC_STRINGS = NO;
				SWIFT_VERSION = 5.0;
				TARGETED_DEVICE_FAMILY = "1,2";
				TEST_TARGET_NAME = "aba-camera";
			};
			name = Release;
		};
/* End XCBuildConfiguration section */

/* Begin XCConfigurationList section */
		F9E9805E2D34E602004A5E61 /* Build configuration list for PBXProject "aba-camera" */ = {
			isa = XCConfigurationList;
			buildConfigurations = (
				F9E980852D34E607004A5E61 /* Debug */,
				F9E980862D34E607004A5E61 /* Release */,
			);
			defaultConfigurationIsVisible = 0;
			defaultConfigurationName = Release;
		};
		F9E980872D34E607004A5E61 /* Build configuration list for PBXNativeTarget "aba-camera" */ = {
			isa = XCConfigurationList;
			buildConfigurations = (
				F9E980882D34E607004A5E61 /* Debug */,
				F9E980892D34E607004A5E61 /* Release */,
			);
			defaultConfigurationIsVisible = 0;
			defaultConfigurationName = Release;
		};
		F9E9808A2D34E607004A5E61 /* Build configuration list for PBXNativeTarget "aba-cameraTests" */ = {
			isa = XCConfigurationList;
			buildConfigurations = (
				F9E9808B2D34E607004A5E61 /* Debug */,
				F9E9808C2D34E607004A5E61 /* Release */,
			);
			defaultConfigurationIsVisible = 0;
			defaultConfigurationName = Release;
		};
		F9E9808D2D34E607004A5E61 /* Build configuration list for PBXNativeTarget "aba-cameraUITests" */ = {
			isa = XCConfigurationList;
			buildConfigurations = (
				F9E9808E2D34E607004A5E61 /* Debug */,
				F9E9808F2D34E607004A5E61 /* Release */,
			);
			defaultConfigurationIsVisible = 0;
			defaultConfigurationName = Release;
		};
/* End XCConfigurationList section */
	};
	rootObject = F9E9805B2D34E602004A5E61 /* Project object */;
}
